
Microsoft Visual Studio Solution File, Format Version 12.00
# Visual Studio Version 17
VisualStudioVersion = 17.0.31423.177
MinimumVisualStudioVersion = 10.0.40219.1
Project("{9A19103F-16F7-4668-BE54-9A1E7A4F7556}") = "gcm", "src\gcm.csproj", "{1A422BD3-3F70-42E2-8440-BC5849D98C4F}"
EndProject
Global
	GlobalSection(SolutionConfigurationPlatforms) = preSolution
		Debug|Any CPU = Debug|Any CPU
		Release|Any CPU = Release|Any CPU
	EndGlobalSection
	GlobalSection(ProjectConfigurationPlatforms) = postSolution
		{1A422BD3-3F70-42E2-8440-BC5849D98C4F}.Debug|Any CPU.ActiveCfg = Debug|Any CPU
		{1A422BD3-3F70-42E2-8440-BC5849D98C4F}.Debug|Any CPU.Build.0 = Debug|Any CPU
		{1A422BD3-3F70-42E2-8440-BC5849D98C4F}.Release|Any CPU.ActiveCfg = Release|Any CPU
		{1A422BD3-3F70-42E2-8440-BC5849D98C4F}.Release|Any CPU.Build.0 = Release|Any CPU
	EndGlobalSection
	GlobalSection(SolutionProperties) = preSolution
		HideSolutionNode = FALSE
	EndGlobalSection
	GlobalSection(ExtensibilityGlobals) = postSolution
		SolutionGuid = {5B7BEADD-4352-4C67-A70E-60FEC09478AF}
	EndGlobalSection
EndGlobal
